
Microsoft Visual Studio Solution File, Format Version 12.00
# Visual Studio 15
VisualStudioVersion = 15.0.27703.2035
MinimumVisualStudioVersion = 10.0.40219.1
Project("{FAE04EC0-301F-11D3-BF4B-00C04F79EFBC}") = "CapaAccesoaDatos", "CapaAccesoaDatos\CapaAccesoaDatos.csproj", "{6EA3AD88-77A5-4769-B61C-7867071A11FF}"
EndProject
Project("{FAE04EC0-301F-11D3-BF4B-00C04F79EFBC}") = "CapaLogicadeNegocio", "CapaLogicadeNegocio\CapaLogicadeNegocio.csproj", "{8A102942-0985-4F78-904D-6D207BC375E8}"
EndProject
Project("{FAE04EC0-301F-11D3-BF4B-00C04F79EFBC}") = "CapaPresentacion", "CapaPresentacion\CapaPresentacion.csproj", "{33FDAA98-5572-4335-89FA-DA8946B4DE86}"
EndProject
Global
	GlobalSection(SolutionConfigurationPlatforms) = preSolution
		Debug|Any CPU = Debug|Any CPU
		Release|Any CPU = Release|Any CPU
	EndGlobalSection
	GlobalSection(ProjectConfigurationPlatforms) = postSolution
		{6EA3AD88-77A5-4769-B61C-7867071A11FF}.Debug|Any CPU.ActiveCfg = Debug|Any CPU
		{6EA3AD88-77A5-4769-B61C-7867071A11FF}.Debug|Any CPU.Build.0 = Debug|Any CPU
		{6EA3AD88-77A5-4769-B61C-7867071A11FF}.Release|Any CPU.ActiveCfg = Release|Any CPU
		{6EA3AD88-77A5-4769-B61C-7867071A11FF}.Release|Any CPU.Build.0 = Release|Any CPU
		{8A102942-0985-4F78-904D-6D207BC375E8}.Debug|Any CPU.ActiveCfg = Debug|Any CPU
		{8A102942-0985-4F78-904D-6D207BC375E8}.Debug|Any CPU.Build.0 = Debug|Any CPU
		{8A102942-0985-4F78-904D-6D207BC375E8}.Release|Any CPU.ActiveCfg = Release|Any CPU
		{8A102942-0985-4F78-904D-6D207BC375E8}.Release|Any CPU.Build.0 = Release|Any CPU
		{33FDAA98-5572-4335-89FA-DA8946B4DE86}.Debug|Any CPU.ActiveCfg = Debug|Any CPU
		{33FDAA98-5572-4335-89FA-DA8946B4DE86}.Debug|Any CPU.Build.0 = Debug|Any CPU
		{33FDAA98-5572-4335-89FA-DA8946B4DE86}.Release|Any CPU.ActiveCfg = Release|Any CPU
		{33FDAA98-5572-4335-89FA-DA8946B4DE86}.Release|Any CPU.Build.0 = Release|Any CPU
	EndGlobalSection
	GlobalSection(SolutionProperties) = preSolution
		HideSolutionNode = FALSE
	EndGlobalSection
	GlobalSection(ExtensibilityGlobals) = postSolution
		SolutionGuid = {533956CA-D7AB-45FA-9A89-B6A52947CE01}
	EndGlobalSection
EndGlobal
